
Microsoft Visual Studio Solution File, Format Version 12.00
# Visual Studio Version 16
VisualStudioVersion = 16.0.30011.22
MinimumVisualStudioVersion = 10.0.40219.1
Project("{FAE04EC0-301F-11D3-BF4B-00C04F79EFBC}") = "Simplification", "Simplification.csproj", "{EE6466B3-E863-4AAC-B92A-FB842536CA12}"
EndProject
Global
	GlobalSection(SolutionConfigurationPlatforms) = preSolution
		Debug|Any CPU = Debug|Any CPU
		Release|Any CPU = Release|Any CPU
	EndGlobalSection
	GlobalSection(ProjectConfigurationPlatforms) = postSolution
		{EE6466B3-E863-4AAC-B92A-FB842536CA12}.Debug|Any CPU.ActiveCfg = Debug|Any CPU
		{EE6466B3-E863-4AAC-B92A-FB842536CA12}.Debug|Any CPU.Build.0 = Debug|Any CPU
		{EE6466B3-E863-4AAC-B92A-FB842536CA12}.Release|Any CPU.ActiveCfg = Release|Any CPU
		{EE6466B3-E863-4AAC-B92A-FB842536CA12}.Release|Any CPU.Build.0 = Release|Any CPU
	EndGlobalSection
	GlobalSection(SolutionProperties) = preSolution
		HideSolutionNode = FALSE
	EndGlobalSection
	GlobalSection(ExtensibilityGlobals) = postSolution
		SolutionGuid = {000C5707-0E9C-424B-8679-B3C9086541D7}
	EndGlobalSection
EndGlobal
